
Microsoft Visual Studio Solution File, Format Version 12.00
# Visual Studio 2013
VisualStudioVersion = 12.0.21005.1
MinimumVisualStudioVersion = 10.0.40219.1
Project("{FAE04EC0-301F-11D3-BF4B-00C04F79EFBC}") = "ChessOOP", "ChessOOP\ChessOOP.csproj", "{8AF50A55-60F0-49F1-B3C6-E9DEFF2D1A74}"
EndProject
Project("{FAE04EC0-301F-11D3-BF4B-00C04F79EFBC}") = "ChessOPPConsole", "ChessOPPConsole\ChessOPPConsole.csproj", "{170A2DD9-8824-4B00-AD33-DA69A2FB73DB}"
EndProject
Global
	GlobalSection(SolutionConfigurationPlatforms) = preSolution
		Debug|Any CPU = Debug|Any CPU
		Release|Any CPU = Release|Any CPU
	EndGlobalSection
	GlobalSection(ProjectConfigurationPlatforms) = postSolution
		{8AF50A55-60F0-49F1-B3C6-E9DEFF2D1A74}.Debug|Any CPU.ActiveCfg = Debug|Any CPU
		{8AF50A55-60F0-49F1-B3C6-E9DEFF2D1A74}.Debug|Any CPU.Build.0 = Debug|Any CPU
		{8AF50A55-60F0-49F1-B3C6-E9DEFF2D1A74}.Release|Any CPU.ActiveCfg = Release|Any CPU
		{8AF50A55-60F0-49F1-B3C6-E9DEFF2D1A74}.Release|Any CPU.Build.0 = Release|Any CPU
		{170A2DD9-8824-4B00-AD33-DA69A2FB73DB}.Debug|Any CPU.ActiveCfg = Debug|Any CPU
		{170A2DD9-8824-4B00-AD33-DA69A2FB73DB}.Debug|Any CPU.Build.0 = Debug|Any CPU
		{170A2DD9-8824-4B00-AD33-DA69A2FB73DB}.Release|Any CPU.ActiveCfg = Release|Any CPU
		{170A2DD9-8824-4B00-AD33-DA69A2FB73DB}.Release|Any CPU.Build.0 = Release|Any CPU
	EndGlobalSection
	GlobalSection(SolutionProperties) = preSolution
		HideSolutionNode = FALSE
	EndGlobalSection
EndGlobal
